{
  "pins" : [
    {
      "identity" : "ios-training",
      "kind" : "remoteSourceControl",
      "location" : "https://github.com/yumemi-inc/ios-training.git",
      "state" : {
        "branch" : "main",
        "revision" : "1dfbdb58b18786e15a12d3fadf0b7d87b7d9062e"
      }
    }
  ],
  "version" : 2
}
